
Microsoft Visual Studio Solution File, Format Version 12.00
# Visual Studio Version 17
VisualStudioVersion = 17.0.31903.59
MinimumVisualStudioVersion = 10.0.40219.1
Project("{FAE04EC0-301F-11D3-BF4B-00C04F79EFBC}") = "VideoGameLibraryLocal", "VideoGameLibraryLocal.csproj", "{A3E5C9F1-6B2D-4A8E-9C7F-1D4E8B2A5F3C}"
EndProject
Project("{FAE04EC0-301F-11D3-BF4B-00C04F79EFBC}") = "VideoGameLibrary.Tests", "VideoGameLibrary.Tests\VideoGameLibrary.Tests.csproj", "{EB6D4F1B-292C-4C31-8DB6-FFD5B50EB95E}"
EndProject
Global
	GlobalSection(SolutionConfigurationPlatforms) = preSolution
		Debug|Any CPU = Debug|Any CPU
		Debug|x64 = Debug|x64
		Debug|x86 = Debug|x86
		Release|Any CPU = Release|Any CPU
		Release|x64 = Release|x64
		Release|x86 = Release|x86
	EndGlobalSection
	GlobalSection(ProjectConfigurationPlatforms) = postSolution
		{A3E5C9F1-6B2D-4A8E-9C7F-1D4E8B2A5F3C}.Debug|Any CPU.ActiveCfg = Debug|Any CPU
		{A3E5C9F1-6B2D-4A8E-9C7F-1D4E8B2A5F3C}.Debug|Any CPU.Build.0 = Debug|Any CPU
		{A3E5C9F1-6B2D-4A8E-9C7F-1D4E8B2A5F3C}.Debug|x64.ActiveCfg = Debug|Any CPU
		{A3E5C9F1-6B2D-4A8E-9C7F-1D4E8B2A5F3C}.Debug|x64.Build.0 = Debug|Any CPU
		{A3E5C9F1-6B2D-4A8E-9C7F-1D4E8B2A5F3C}.Debug|x86.ActiveCfg = Debug|Any CPU
		{A3E5C9F1-6B2D-4A8E-9C7F-1D4E8B2A5F3C}.Debug|x86.Build.0 = Debug|Any CPU
		{A3E5C9F1-6B2D-4A8E-9C7F-1D4E8B2A5F3C}.Release|Any CPU.ActiveCfg = Release|Any CPU
		{A3E5C9F1-6B2D-4A8E-9C7F-1D4E8B2A5F3C}.Release|Any CPU.Build.0 = Release|Any CPU
		{A3E5C9F1-6B2D-4A8E-9C7F-1D4E8B2A5F3C}.Release|x64.ActiveCfg = Release|Any CPU
		{A3E5C9F1-6B2D-4A8E-9C7F-1D4E8B2A5F3C}.Release|x64.Build.0 = Release|Any CPU
		{A3E5C9F1-6B2D-4A8E-9C7F-1D4E8B2A5F3C}.Release|x86.ActiveCfg = Release|Any CPU
		{A3E5C9F1-6B2D-4A8E-9C7F-1D4E8B2A5F3C}.Release|x86.Build.0 = Release|Any CPU
		{EB6D4F1B-292C-4C31-8DB6-FFD5B50EB95E}.Debug|Any CPU.ActiveCfg = Debug|Any CPU
		{EB6D4F1B-292C-4C31-8DB6-FFD5B50EB95E}.Debug|Any CPU.Build.0 = Debug|Any CPU
		{EB6D4F1B-292C-4C31-8DB6-FFD5B50EB95E}.Debug|x64.ActiveCfg = Debug|Any CPU
		{EB6D4F1B-292C-4C31-8DB6-FFD5B50EB95E}.Debug|x64.Build.0 = Debug|Any CPU
		{EB6D4F1B-292C-4C31-8DB6-FFD5B50EB95E}.Debug|x86.ActiveCfg = Debug|Any CPU
		{EB6D4F1B-292C-4C31-8DB6-FFD5B50EB95E}.Debug|x86.Build.0 = Debug|Any CPU
		{EB6D4F1B-292C-4C31-8DB6-FFD5B50EB95E}.Release|Any CPU.ActiveCfg = Release|Any CPU
		{EB6D4F1B-292C-4C31-8DB6-FFD5B50EB95E}.Release|Any CPU.Build.0 = Release|Any CPU
		{EB6D4F1B-292C-4C31-8DB6-FFD5B50EB95E}.Release|x64.ActiveCfg = Release|Any CPU
		{EB6D4F1B-292C-4C31-8DB6-FFD5B50EB95E}.Release|x64.Build.0 = Release|Any CPU
		{EB6D4F1B-292C-4C31-8DB6-FFD5B50EB95E}.Release|x86.ActiveCfg = Release|Any CPU
		{EB6D4F1B-292C-4C31-8DB6-FFD5B50EB95E}.Release|x86.Build.0 = Release|Any CPU
	EndGlobalSection
	GlobalSection(SolutionProperties) = preSolution
		HideSolutionNode = FALSE
	EndGlobalSection
EndGlobal
